// !$*UTF8*$!
{
	archiveVersion = 1;
	classes = {
	};
	objectVersion = 55;
	objects = {

/* Begin PBXBuildFile section */
		FA99C33B282704C5001D1DEA /* StringExtensions.swift in Sources */ = {isa = PBXBuildFile; fileRef = FA99C33A282704C5001D1DEA /* StringExtensions.swift */; };
		FA99C33E28270FFA001D1DEA /* ShortcutController.swift in Sources */ = {isa = PBXBuildFile; fileRef = FA99C33D28270FFA001D1DEA /* ShortcutController.swift */; };
		FAAC81A1282639BC00BA939C /* KeyCatcherApp.swift in Sources */ = {isa = PBXBuildFile; fileRef = FAAC81A0282639BC00BA939C /* KeyCatcherApp.swift */; };
		FAAC81A3282639BC00BA939C /* ContentView.swift in Sources */ = {isa = PBXBuildFile; fileRef = FAAC81A2282639BC00BA939C /* ContentView.swift */; };
		FAAC81A5282639BD00BA939C /* Assets.xcassets in Resources */ = {isa = PBXBuildFile; fileRef = FAAC81A4282639BD00BA939C /* Assets.xcassets */; };
		FAAC81A8282639BD00BA939C /* Preview Assets.xcassets in Resources */ = {isa = PBXBuildFile; fileRef = FAAC81A7282639BD00BA939C /* Preview Assets.xcassets */; };
		FAAC81B7282654DC00BA939C /* PermissionsChecker.swift in Sources */ = {isa = PBXBuildFile; fileRef = FAAC81B6282654DC00BA939C /* PermissionsChecker.swift */; };
		FAAC81BA282659FE00BA939C /* Shortcut.swift in Sources */ = {isa = PBXBuildFile; fileRef = FAAC81B9282659FE00BA939C /* Shortcut.swift */; };
		FAAC81BC28265B6A00BA939C /* Keys.swift in Sources */ = {isa = PBXBuildFile; fileRef = FAAC81BB28265B6A00BA939C /* Keys.swift */; };
		FAF2AB892827A29800BD0943 /* Collections in Frameworks */ = {isa = PBXBuildFile; productRef = FAF2AB882827A29800BD0943 /* Collections */; };
		FAF2AB8B2827A29800BD0943 /* DequeModule in Frameworks */ = {isa = PBXBuildFile; productRef = FAF2AB8A2827A29800BD0943 /* DequeModule */; };
		FAF2AB8D2827A29800BD0943 /* OrderedCollections in Frameworks */ = {isa = PBXBuildFile; productRef = FAF2AB8C2827A29800BD0943 /* OrderedCollections */; };
		FAF2AB8F2827AF9000BD0943 /* Shell.swift in Sources */ = {isa = PBXBuildFile; fileRef = FAF2AB8E2827AF9000BD0943 /* Shell.swift */; };
/* End PBXBuildFile section */

/* Begin PBXFileReference section */
		FA99C33A282704C5001D1DEA /* StringExtensions.swift */ = {isa = PBXFileReference; lastKnownFileType = sourcecode.swift; path = StringExtensions.swift; sourceTree = "<group>"; };
		FA99C33D28270FFA001D1DEA /* ShortcutController.swift */ = {isa = PBXFileReference; lastKnownFileType = sourcecode.swift; path = ShortcutController.swift; sourceTree = "<group>"; };
		FAAC819D282639BC00BA939C /* KeyCatcher.app */ = {isa = PBXFileReference; explicitFileType = wrapper.application; includeInIndex = 0; path = KeyCatcher.app; sourceTree = BUILT_PRODUCTS_DIR; };
		FAAC81A0282639BC00BA939C /* KeyCatcherApp.swift */ = {isa = PBXFileReference; lastKnownFileType = sourcecode.swift; path = KeyCatcherApp.swift; sourceTree = "<group>"; };
		FAAC81A2282639BC00BA939C /* ContentView.swift */ = {isa = PBXFileReference; lastKnownFileType = sourcecode.swift; path = ContentView.swift; sourceTree = "<group>"; };
		FAAC81A4282639BD00BA939C /* Assets.xcassets */ = {isa = PBXFileReference; lastKnownFileType = folder.assetcatalog; path = Assets.xcassets; sourceTree = "<group>"; };
		FAAC81A7282639BD00BA939C /* Preview Assets.xcassets */ = {isa = PBXFileReference; lastKnownFileType = folder.assetcatalog; path = "Preview Assets.xcassets"; sourceTree = "<group>"; };
		FAAC81A9282639BD00BA939C /* KeyCatcher.entitlements */ = {isa = PBXFileReference; lastKnownFileType = text.plist.entitlements; path = KeyCatcher.entitlements; sourceTree = "<group>"; };
		FAAC81B22826412100BA939C /* Cocoa.framework */ = {isa = PBXFileReference; lastKnownFileType = wrapper.framework; name = Cocoa.framework; path = System/Library/Frameworks/Cocoa.framework; sourceTree = SDKROOT; };
		FAAC81B428264AF800BA939C /* Info.plist */ = {isa = PBXFileReference; lastKnownFileType = text.plist; path = Info.plist; sourceTree = "<group>"; };
		FAAC81B6282654DC00BA939C /* PermissionsChecker.swift */ = {isa = PBXFileReference; lastKnownFileType = sourcecode.swift; path = PermissionsChecker.swift; sourceTree = "<group>"; };
		FAAC81B9282659FE00BA939C /* Shortcut.swift */ = {isa = PBXFileReference; lastKnownFileType = sourcecode.swift; path = Shortcut.swift; sourceTree = "<group>"; };
		FAAC81BB28265B6A00BA939C /* Keys.swift */ = {isa = PBXFileReference; lastKnownFileType = sourcecode.swift; path = Keys.swift; sourceTree = "<group>"; };
		FAF2AB8E2827AF9000BD0943 /* Shell.swift */ = {isa = PBXFileReference; lastKnownFileType = sourcecode.swift; path = Shell.swift; sourceTree = "<group>"; };
/* End PBXFileReference section */

/* Begin PBXFrameworksBuildPhase section */
		FAAC819A282639BC00BA939C /* Frameworks */ = {
			isa = PBXFrameworksBuildPhase;
			buildActionMask = 2147483647;
			files = (
				FAF2AB892827A29800BD0943 /* Collections in Frameworks */,
				FAF2AB8B2827A29800BD0943 /* DequeModule in Frameworks */,
				FAF2AB8D2827A29800BD0943 /* OrderedCollections in Frameworks */,
			);
			runOnlyForDeploymentPostprocessing = 0;
		};
/* End PBXFrameworksBuildPhase section */

/* Begin PBXGroup section */
		FA99C3392827049C001D1DEA /* Extensions */ = {
			isa = PBXGroup;
			children = (
				FA99C33A282704C5001D1DEA /* StringExtensions.swift */,
			);
			path = Extensions;
			sourceTree = "<group>";
		};
		FA99C33C28270FE6001D1DEA /* Controllers */ = {
			isa = PBXGroup;
			children = (
				FA99C33D28270FFA001D1DEA /* ShortcutController.swift */,
			);
			path = Controllers;
			sourceTree = "<group>";
		};
		FAAC8194282639BC00BA939C = {
			isa = PBXGroup;
			children = (
				FAAC819F282639BC00BA939C /* KeyCatcher */,
				FAAC819E282639BC00BA939C /* Products */,
				FAAC81B12826412000BA939C /* Frameworks */,
			);
			sourceTree = "<group>";
		};
		FAAC819E282639BC00BA939C /* Products */ = {
			isa = PBXGroup;
			children = (
				FAAC819D282639BC00BA939C /* KeyCatcher.app */,
			);
			name = Products;
			sourceTree = "<group>";
		};
		FAAC819F282639BC00BA939C /* KeyCatcher */ = {
			isa = PBXGroup;
			children = (
				FA99C33C28270FE6001D1DEA /* Controllers */,
				FA99C3392827049C001D1DEA /* Extensions */,
				FAAC81B8282659D600BA939C /* Models */,
				FAAC81B5282654AD00BA939C /* Utils */,
				FAAC81B428264AF800BA939C /* Info.plist */,
				FAAC81A0282639BC00BA939C /* KeyCatcherApp.swift */,
				FAAC81A2282639BC00BA939C /* ContentView.swift */,
				FAAC81A4282639BD00BA939C /* Assets.xcassets */,
				FAAC81A9282639BD00BA939C /* KeyCatcher.entitlements */,
				FAAC81A6282639BD00BA939C /* Preview Content */,
			);
			path = KeyCatcher;
			sourceTree = "<group>";
		};
		FAAC81A6282639BD00BA939C /* Preview Content */ = {
			isa = PBXGroup;
			children = (
				FAAC81A7282639BD00BA939C /* Preview Assets.xcassets */,
			);
			path = "Preview Content";
			sourceTree = "<group>";
		};
		FAAC81B12826412000BA939C /* Frameworks */ = {
			isa = PBXGroup;
			children = (
				FAAC81B22826412100BA939C /* Cocoa.framework */,
			);
			name = Frameworks;
			sourceTree = "<group>";
		};
		FAAC81B5282654AD00BA939C /* Utils */ = {
			isa = PBXGroup;
			children = (
				FAAC81B6282654DC00BA939C /* PermissionsChecker.swift */,
				FAF2AB8E2827AF9000BD0943 /* Shell.swift */,
			);
			path = Utils;
			sourceTree = "<group>";
		};
		FAAC81B8282659D600BA939C /* Models */ = {
			isa = PBXGroup;
			children = (
				FAAC81B9282659FE00BA939C /* Shortcut.swift */,
				FAAC81BB28265B6A00BA939C /* Keys.swift */,
			);
			path = Models;
			sourceTree = "<group>";
		};
/* End PBXGroup section */

/* Begin PBXNativeTarget section */
		FAAC819C282639BC00BA939C /* KeyCatcher */ = {
			isa = PBXNativeTarget;
			buildConfigurationList = FAAC81AC282639BD00BA939C /* Build configuration list for PBXNativeTarget "KeyCatcher" */;
			buildPhases = (
				FAAC8199282639BC00BA939C /* Sources */,
				FAAC819A282639BC00BA939C /* Frameworks */,
				FAAC819B282639BC00BA939C /* Resources */,
			);
			buildRules = (
			);
			dependencies = (
			);
			name = KeyCatcher;
			packageProductDependencies = (
				FAF2AB882827A29800BD0943 /* Collections */,
				FAF2AB8A2827A29800BD0943 /* DequeModule */,
				FAF2AB8C2827A29800BD0943 /* OrderedCollections */,
			);
			productName = KeyCatcher;
			productReference = FAAC819D282639BC00BA939C /* KeyCatcher.app */;
			productType = "com.apple.product-type.application";
		};
/* End PBXNativeTarget section */

/* Begin PBXProject section */
		FAAC8195282639BC00BA939C /* Project object */ = {
			isa = PBXProject;
			attributes = {
				BuildIndependentTargetsInParallel = 1;
				LastSwiftUpdateCheck = 1310;
				LastUpgradeCheck = 1310;
				TargetAttributes = {
					FAAC819C282639BC00BA939C = {
						CreatedOnToolsVersion = 13.1;
					};
				};
			};
			buildConfigurationList = FAAC8198282639BC00BA939C /* Build configuration list for PBXProject "KeyCatcher" */;
			compatibilityVersion = "Xcode 13.0";
			developmentRegion = en;
			hasScannedForEncodings = 0;
			knownRegions = (
				en,
				Base,
			);
			mainGroup = FAAC8194282639BC00BA939C;
			packageReferences = (
				FAF2AB872827A29800BD0943 /* XCRemoteSwiftPackageReference "swift-collections" */,
			);
			productRefGroup = FAAC819E282639BC00BA939C /* Products */;
			projectDirPath = "";
			projectRoot = "";
			targets = (
				FAAC819C282639BC00BA939C /* KeyCatcher */,
			);
		};
/* End PBXProject section */

/* Begin PBXResourcesBuildPhase section */
		FAAC819B282639BC00BA939C /* Resources */ = {
			isa = PBXResourcesBuildPhase;
			buildActionMask = 2147483647;
			files = (
				FAAC81A8282639BD00BA939C /* Preview Assets.xcassets in Resources */,
				FAAC81A5282639BD00BA939C /* Assets.xcassets in Resources */,
			);
			runOnlyForDeploymentPostprocessing = 0;
		};
/* End PBXResourcesBuildPhase section */

/* Begin PBXSourcesBuildPhase section */
		FAAC8199282639BC00BA939C /* Sources */ = {
			isa = PBXSourcesBuildPhase;
			buildActionMask = 2147483647;
			files = (
				FA99C33B282704C5001D1DEA /* StringExtensions.swift in Sources */,
				FAAC81A3282639BC00BA939C /* ContentView.swift in Sources */,
				FAAC81BA282659FE00BA939C /* Shortcut.swift in Sources */,
				FAAC81B7282654DC00BA939C /* PermissionsChecker.swift in Sources */,
				FAAC81A1282639BC00BA939C /* KeyCatcherApp.swift in Sources */,
				FA99C33E28270FFA001D1DEA /* ShortcutController.swift in Sources */,
				FAF2AB8F2827AF9000BD0943 /* Shell.swift in Sources */,
				FAAC81BC28265B6A00BA939C /* Keys.swift in Sources */,
			);
			runOnlyForDeploymentPostprocessing = 0;
		};
/* End PBXSourcesBuildPhase section */

/* Begin XCBuildConfiguration section */
		FAAC81AA282639BD00BA939C /* Debug */ = {
			isa = XCBuildConfiguration;
			buildSettings = {
				ALWAYS_SEARCH_USER_PATHS = NO;
				CLANG_ANALYZER_NONNULL = YES;
				CLANG_ANALYZER_NUMBER_OBJECT_CONVERSION = YES_AGGRESSIVE;
				CLANG_CXX_LANGUAGE_STANDARD = "gnu++17";
				CLANG_CXX_LIBRARY = "libc++";
				CLANG_ENABLE_MODULES = YES;
				CLANG_ENABLE_OBJC_ARC = YES;
				CLANG_ENABLE_OBJC_WEAK = YES;
				CLANG_WARN_BLOCK_CAPTURE_AUTORELEASING = YES;
				CLANG_WARN_BOOL_CONVERSION = YES;
				CLANG_WARN_COMMA = YES;
				CLANG_WARN_CONSTANT_CONVERSION = YES;
				CLANG_WARN_DEPRECATED_OBJC_IMPLEMENTATIONS = YES;
				CLANG_WARN_DIRECT_OBJC_ISA_USAGE = YES_ERROR;
				CLANG_WARN_DOCUMENTATION_COMMENTS = YES;
				CLANG_WARN_EMPTY_BODY = YES;
				CLANG_WARN_ENUM_CONVERSION = YES;
				CLANG_WARN_INFINITE_RECURSION = YES;
				CLANG_WARN_INT_CONVERSION = YES;
				CLANG_WARN_NON_LITERAL_NULL_CONVERSION = YES;
				CLANG_WARN_OBJC_IMPLICIT_RETAIN_SELF = YES;
				CLANG_WARN_OBJC_LITERAL_CONVERSION = YES;
				CLANG_WARN_OBJC_ROOT_CLASS = YES_ERROR;
				CLANG_WARN_QUOTED_INCLUDE_IN_FRAMEWORK_HEADER = YES;
				CLANG_WARN_RANGE_LOOP_ANALYSIS = YES;
				CLANG_WARN_STRICT_PROTOTYPES = YES;
				CLANG_WARN_SUSPICIOUS_MOVE = YES;
				CLANG_WARN_UNGUARDED_AVAILABILITY = YES_AGGRESSIVE;
				CLANG_WARN_UNREACHABLE_CODE = YES;
				CLANG_WARN__DUPLICATE_METHOD_MATCH = YES;
				COPY_PHASE_STRIP = NO;
				DEBUG_INFORMATION_FORMAT = dwarf;
				ENABLE_STRICT_OBJC_MSGSEND = YES;
				ENABLE_TESTABILITY = YES;
				GCC_C_LANGUAGE_STANDARD = gnu11;
				GCC_DYNAMIC_NO_PIC = NO;
				GCC_NO_COMMON_BLOCKS = YES;
				GCC_OPTIMIZATION_LEVEL = 0;
				GCC_PREPROCESSOR_DEFINITIONS = (
					"DEBUG=1",
					"$(inherited)",
				);
				GCC_WARN_64_TO_32_BIT_CONVERSION = YES;
				GCC_WARN_ABOUT_RETURN_TYPE = YES_ERROR;
				GCC_WARN_UNDECLARED_SELECTOR = YES;
				GCC_WARN_UNINITIALIZED_AUTOS = YES_AGGRESSIVE;
				GCC_WARN_UNUSED_FUNCTION = YES;
				GCC_WARN_UNUSED_VARIABLE = YES;
				MACOSX_DEPLOYMENT_TARGET = 12.0;
				MTL_ENABLE_DEBUG_INFO = INCLUDE_SOURCE;
				MTL_FAST_MATH = YES;
				ONLY_ACTIVE_ARCH = YES;
				SDKROOT = macosx;
				SWIFT_ACTIVE_COMPILATION_CONDITIONS = DEBUG;
				SWIFT_OPTIMIZATION_LEVEL = "-Onone";
			};
			name = Debug;
		};
		FAAC81AB282639BD00BA939C /* Release */ = {
			isa = XCBuildConfiguration;
			buildSettings = {
				ALWAYS_SEARCH_USER_PATHS = NO;
				CLANG_ANALYZER_NONNULL = YES;
				CLANG_ANALYZER_NUMBER_OBJECT_CONVERSION = YES_AGGRESSIVE;
				CLANG_CXX_LANGUAGE_STANDARD = "gnu++17";
				CLANG_CXX_LIBRARY = "libc++";
				CLANG_ENABLE_MODULES = YES;
				CLANG_ENABLE_OBJC_ARC = YES;
				CLANG_ENABLE_OBJC_WEAK = YES;
				CLANG_WARN_BLOCK_CAPTURE_AUTORELEASING = YES;
				CLANG_WARN_BOOL_CONVERSION = YES;
				CLANG_WARN_COMMA = YES;
				CLANG_WARN_CONSTANT_CONVERSION = YES;
				CLANG_WARN_DEPRECATED_OBJC_IMPLEMENTATIONS = YES;
				CLANG_WARN_DIRECT_OBJC_ISA_USAGE = YES_ERROR;
				CLANG_WARN_DOCUMENTATION_COMMENTS = YES;
				CLANG_WARN_EMPTY_BODY = YES;
				CLANG_WARN_ENUM_CONVERSION = YES;
				CLANG_WARN_INFINITE_RECURSION = YES;
				CLANG_WARN_INT_CONVERSION = YES;
				CLANG_WARN_NON_LITERAL_NULL_CONVERSION = YES;
				CLANG_WARN_OBJC_IMPLICIT_RETAIN_SELF = YES;
				CLANG_WARN_OBJC_LITERAL_CONVERSION = YES;
				CLANG_WARN_OBJC_ROOT_CLASS = YES_ERROR;
				CLANG_WARN_QUOTED_INCLUDE_IN_FRAMEWORK_HEADER = YES;
				CLANG_WARN_RANGE_LOOP_ANALYSIS = YES;
				CLANG_WARN_STRICT_PROTOTYPES = YES;
				CLANG_WARN_SUSPICIOUS_MOVE = YES;
				CLANG_WARN_UNGUARDED_AVAILABILITY = YES_AGGRESSIVE;
				CLANG_WARN_UNREACHABLE_CODE = YES;
				CLANG_WARN__DUPLICATE_METHOD_MATCH = YES;
				COPY_PHASE_STRIP = NO;
				DEBUG_INFORMATION_FORMAT = "dwarf-with-dsym";
				ENABLE_NS_ASSERTIONS = NO;
				ENABLE_STRICT_OBJC_MSGSEND = YES;
				GCC_C_LANGUAGE_STANDARD = gnu11;
				GCC_NO_COMMON_BLOCKS = YES;
				GCC_WARN_64_TO_32_BIT_CONVERSION = YES;
				GCC_WARN_ABOUT_RETURN_TYPE = YES_ERROR;
				GCC_WARN_UNDECLARED_SELECTOR = YES;
				GCC_WARN_UNINITIALIZED_AUTOS = YES_AGGRESSIVE;
				GCC_WARN_UNUSED_FUNCTION = YES;
				GCC_WARN_UNUSED_VARIABLE = YES;
				MACOSX_DEPLOYMENT_TARGET = 12.0;
				MTL_ENABLE_DEBUG_INFO = NO;
				MTL_FAST_MATH = YES;
				SDKROOT = macosx;
				SWIFT_COMPILATION_MODE = wholemodule;
				SWIFT_OPTIMIZATION_LEVEL = "-O";
			};
			name = Release;
		};
		FAAC81AD282639BD00BA939C /* Debug */ = {
			isa = XCBuildConfiguration;
			buildSettings = {
				ASSETCATALOG_COMPILER_APPICON_NAME = AppIcon;
				ASSETCATALOG_COMPILER_GLOBAL_ACCENT_COLOR_NAME = AccentColor;
				CODE_SIGN_ENTITLEMENTS = KeyCatcher/KeyCatcher.entitlements;
				CODE_SIGN_STYLE = Automatic;
				COMBINE_HIDPI_IMAGES = YES;
				CURRENT_PROJECT_VERSION = 1;
				DEVELOPMENT_ASSET_PATHS = "\"KeyCatcher/Preview Content\"";
				DEVELOPMENT_TEAM = 7VE8CQ2P35;
				ENABLE_HARDENED_RUNTIME = YES;
				ENABLE_PREVIEWS = YES;
				GENERATE_INFOPLIST_FILE = YES;
				INFOPLIST_FILE = KeyCatcher/Info.plist;
				INFOPLIST_KEY_NSHumanReadableCopyright = "";
				LD_RUNPATH_SEARCH_PATHS = (
					"$(inherited)",
					"@executable_path/../Frameworks",
				);
				MARKETING_VERSION = 1.0;
				PRODUCT_BUNDLE_IDENTIFIER = dev.hackrlabs.KeyCatcher;
				PRODUCT_NAME = "$(TARGET_NAME)";
				SWIFT_EMIT_LOC_STRINGS = YES;
				SWIFT_VERSION = 5.0;
			};
			name = Debug;
		};
		FAAC81AE282639BD00BA939C /* Release */ = {
			isa = XCBuildConfiguration;
			buildSettings = {
				ASSETCATALOG_COMPILER_APPICON_NAME = AppIcon;
				ASSETCATALOG_COMPILER_GLOBAL_ACCENT_COLOR_NAME = AccentColor;
				CODE_SIGN_ENTITLEMENTS = KeyCatcher/KeyCatcher.entitlements;
				CODE_SIGN_STYLE = Automatic;
				COMBINE_HIDPI_IMAGES = YES;
				CURRENT_PROJECT_VERSION = 1;
				DEVELOPMENT_ASSET_PATHS = "\"KeyCatcher/Preview Content\"";
				DEVELOPMENT_TEAM = 7VE8CQ2P35;
				ENABLE_HARDENED_RUNTIME = YES;
				ENABLE_PREVIEWS = YES;
				GENERATE_INFOPLIST_FILE = YES;
				INFOPLIST_FILE = KeyCatcher/Info.plist;
				INFOPLIST_KEY_NSHumanReadableCopyright = "";
				LD_RUNPATH_SEARCH_PATHS = (
					"$(inherited)",
					"@executable_path/../Frameworks",
				);
				MARKETING_VERSION = 1.0;
				PRODUCT_BUNDLE_IDENTIFIER = dev.hackrlabs.KeyCatcher;
				PRODUCT_NAME = "$(TARGET_NAME)";
				SWIFT_EMIT_LOC_STRINGS = YES;
				SWIFT_VERSION = 5.0;
			};
			name = Release;
		};
/* End XCBuildConfiguration section */

/* Begin XCConfigurationList section */
		FAAC8198282639BC00BA939C /* Build configuration list for PBXProject "KeyCatcher" */ = {
			isa = XCConfigurationList;
			buildConfigurations = (
				FAAC81AA282639BD00BA939C /* Debug */,
				FAAC81AB282639BD00BA939C /* Release */,
			);
			defaultConfigurationIsVisible = 0;
			defaultConfigurationName = Release;
		};
		FAAC81AC282639BD00BA939C /* Build configuration list for PBXNativeTarget "KeyCatcher" */ = {
			isa = XCConfigurationList;
			buildConfigurations = (
				FAAC81AD282639BD00BA939C /* Debug */,
				FAAC81AE282639BD00BA939C /* Release */,
			);
			defaultConfigurationIsVisible = 0;
			defaultConfigurationName = Release;
		};
/* End XCConfigurationList section */

/* Begin XCRemoteSwiftPackageReference section */
		FAF2AB872827A29800BD0943 /* XCRemoteSwiftPackageReference "swift-collections" */ = {
			isa = XCRemoteSwiftPackageReference;
			repositoryURL = "https://github.com/apple/swift-collections.git";
			requirement = {
				kind = upToNextMajorVersion;
				minimumVersion = 1.0.0;
			};
		};
/* End XCRemoteSwiftPackageReference section */

/* Begin XCSwiftPackageProductDependency section */
		FAF2AB882827A29800BD0943 /* Collections */ = {
			isa = XCSwiftPackageProductDependency;
			package = FAF2AB872827A29800BD0943 /* XCRemoteSwiftPackageReference "swift-collections" */;
			productName = Collections;
		};
		FAF2AB8A2827A29800BD0943 /* DequeModule */ = {
			isa = XCSwiftPackageProductDependency;
			package = FAF2AB872827A29800BD0943 /* XCRemoteSwiftPackageReference "swift-collections" */;
			productName = DequeModule;
		};
		FAF2AB8C2827A29800BD0943 /* OrderedCollections */ = {
			isa = XCSwiftPackageProductDependency;
			package = FAF2AB872827A29800BD0943 /* XCRemoteSwiftPackageReference "swift-collections" */;
			productName = OrderedCollections;
		};
/* End XCSwiftPackageProductDependency section */
	};
	rootObject = FAAC8195282639BC00BA939C /* Project object */;
}
